
Microsoft Visual Studio Solution File, Format Version 12.00
# Visual Studio Version 17
VisualStudioVersion = 17.13.35931.197 d17.13
MinimumVisualStudioVersion = 10.0.40219.1
Project("{FAE04EC0-301F-11D3-BF4B-00C04F79EFBC}") = "Japanese_Practise_App", "Japanese_Practise_App.csproj", "{F3CFA86F-D08E-4991-8F92-2A5C4A8D685A}"
EndProject
Global
	GlobalSection(SolutionConfigurationPlatforms) = preSolution
		Debug|Any CPU = Debug|Any CPU
		Release|Any CPU = Release|Any CPU
	EndGlobalSection
	GlobalSection(ProjectConfigurationPlatforms) = postSolution
		{F3CFA86F-D08E-4991-8F92-2A5C4A8D685A}.Debug|Any CPU.ActiveCfg = Debug|Any CPU
		{F3CFA86F-D08E-4991-8F92-2A5C4A8D685A}.Debug|Any CPU.Build.0 = Debug|Any CPU
		{F3CFA86F-D08E-4991-8F92-2A5C4A8D685A}.Release|Any CPU.ActiveCfg = Release|Any CPU
		{F3CFA86F-D08E-4991-8F92-2A5C4A8D685A}.Release|Any CPU.Build.0 = Release|Any CPU
	EndGlobalSection
	GlobalSection(SolutionProperties) = preSolution
		HideSolutionNode = FALSE
	EndGlobalSection
	GlobalSection(ExtensibilityGlobals) = postSolution
		SolutionGuid = {7657EB3D-4FF7-48C6-A103-62245A68D15E}
	EndGlobalSection
EndGlobal
